
Microsoft Visual Studio Solution File, Format Version 12.00
# Visual Studio Version 16
VisualStudioVersion = 16.0.29519.181
MinimumVisualStudioVersion = 10.0.40219.1
Project("{FAE04EC0-301F-11D3-BF4B-00C04F79EFBC}") = "Wpf App", "Wpf App\Wpf App.csproj", "{7B08669F-9EB1-464F-875E-4D5E16DD5CAA}"
EndProject
Global
	GlobalSection(SolutionConfigurationPlatforms) = preSolution
		Debug|Any CPU = Debug|Any CPU
		Release|Any CPU = Release|Any CPU
	EndGlobalSection
	GlobalSection(ProjectConfigurationPlatforms) = postSolution
		{7B08669F-9EB1-464F-875E-4D5E16DD5CAA}.Debug|Any CPU.ActiveCfg = Debug|Any CPU
		{7B08669F-9EB1-464F-875E-4D5E16DD5CAA}.Debug|Any CPU.Build.0 = Debug|Any CPU
		{7B08669F-9EB1-464F-875E-4D5E16DD5CAA}.Release|Any CPU.ActiveCfg = Release|Any CPU
		{7B08669F-9EB1-464F-875E-4D5E16DD5CAA}.Release|Any CPU.Build.0 = Release|Any CPU
	EndGlobalSection
	GlobalSection(SolutionProperties) = preSolution
		HideSolutionNode = FALSE
	EndGlobalSection
	GlobalSection(ExtensibilityGlobals) = postSolution
		SolutionGuid = {0357ACD5-B717-4FC0-9E44-3BA244845E1C}
	EndGlobalSection
EndGlobal
